
Microsoft Visual Studio Solution File, Format Version 12.00
# Visual Studio 15
VisualStudioVersion = 15.0.28307.421
MinimumVisualStudioVersion = 10.0.40219.1
Project("{FAE04EC0-301F-11D3-BF4B-00C04F79EFBC}") = "WindowsApp22", "WindowsApp22\WindowsApp22.csproj", "{585D729C-1AD6-4E17-892D-56DCE1AC3A74}"
EndProject
Global
	GlobalSection(SolutionConfigurationPlatforms) = preSolution
		Debug|ARM = Debug|ARM
		Debug|x64 = Debug|x64
		Debug|x86 = Debug|x86
		Release|ARM = Release|ARM
		Release|x64 = Release|x64
		Release|x86 = Release|x86
	EndGlobalSection
	GlobalSection(ProjectConfigurationPlatforms) = postSolution
		{585D729C-1AD6-4E17-892D-56DCE1AC3A74}.Debug|ARM.ActiveCfg = Debug|ARM
		{585D729C-1AD6-4E17-892D-56DCE1AC3A74}.Debug|ARM.Build.0 = Debug|ARM
		{585D729C-1AD6-4E17-892D-56DCE1AC3A74}.Debug|ARM.Deploy.0 = Debug|ARM
		{585D729C-1AD6-4E17-892D-56DCE1AC3A74}.Debug|x64.ActiveCfg = Debug|x64
		{585D729C-1AD6-4E17-892D-56DCE1AC3A74}.Debug|x64.Build.0 = Debug|x64
		{585D729C-1AD6-4E17-892D-56DCE1AC3A74}.Debug|x64.Deploy.0 = Debug|x64
		{585D729C-1AD6-4E17-892D-56DCE1AC3A74}.Debug|x86.ActiveCfg = Debug|x86
		{585D729C-1AD6-4E17-892D-56DCE1AC3A74}.Debug|x86.Build.0 = Debug|x86
		{585D729C-1AD6-4E17-892D-56DCE1AC3A74}.Debug|x86.Deploy.0 = Debug|x86
		{585D729C-1AD6-4E17-892D-56DCE1AC3A74}.Release|ARM.ActiveCfg = Release|ARM
		{585D729C-1AD6-4E17-892D-56DCE1AC3A74}.Release|ARM.Build.0 = Release|ARM
		{585D729C-1AD6-4E17-892D-56DCE1AC3A74}.Release|ARM.Deploy.0 = Release|ARM
		{585D729C-1AD6-4E17-892D-56DCE1AC3A74}.Release|x64.ActiveCfg = Release|x64
		{585D729C-1AD6-4E17-892D-56DCE1AC3A74}.Release|x64.Build.0 = Release|x64
		{585D729C-1AD6-4E17-892D-56DCE1AC3A74}.Release|x64.Deploy.0 = Release|x64
		{585D729C-1AD6-4E17-892D-56DCE1AC3A74}.Release|x86.ActiveCfg = Release|x86
		{585D729C-1AD6-4E17-892D-56DCE1AC3A74}.Release|x86.Build.0 = Release|x86
		{585D729C-1AD6-4E17-892D-56DCE1AC3A74}.Release|x86.Deploy.0 = Release|x86
	EndGlobalSection
	GlobalSection(SolutionProperties) = preSolution
		HideSolutionNode = FALSE
	EndGlobalSection
	GlobalSection(ExtensibilityGlobals) = postSolution
		SolutionGuid = {2BA586B0-EBD8-4E10-8C43-720EA32229A3}
	EndGlobalSection
EndGlobal
